// !$*UTF8*$!
{
	archiveVersion = 1;
	classes = {
	};
	objectVersion = 56;
	objects = {

/* Begin PBXBuildFile section */
		A89BC3EF2AD2F832001D706A /* Models.swift in Sources */ = {isa = PBXBuildFile; fileRef = A89BC3EE2AD2F832001D706A /* Models.swift */; };
		A89BC3F12AD2FC22001D706A /* TrackersViewController.swift in Sources */ = {isa = PBXBuildFile; fileRef = A89BC3F02AD2FC22001D706A /* TrackersViewController.swift */; };
		A89BC4012AD33BB3001D706A /* ColorCell.swift in Sources */ = {isa = PBXBuildFile; fileRef = A89BC4002AD33BB3001D706A /* ColorCell.swift */; };
		A89BC4042AD33E6C001D706A /* EmojiCell.swift in Sources */ = {isa = PBXBuildFile; fileRef = A89BC4032AD33E6C001D706A /* EmojiCell.swift */; };
		A89BC4062AD3454A001D706A /* TabBarController.swift in Sources */ = {isa = PBXBuildFile; fileRef = A89BC4052AD3454A001D706A /* TabBarController.swift */; };
		A89BC4152AD7237C001D706A /* ScheduleCell.swift in Sources */ = {isa = PBXBuildFile; fileRef = A89BC4142AD7237C001D706A /* ScheduleCell.swift */; };
		A89BC4172AD723CE001D706A /* CollectionHeaderSupplementaryView.swift in Sources */ = {isa = PBXBuildFile; fileRef = A89BC4162AD723CE001D706A /* CollectionHeaderSupplementaryView.swift */; };
		A89BC4232AD7437D001D706A /* TypeViewController.swift in Sources */ = {isa = PBXBuildFile; fileRef = A89BC4222AD7437D001D706A /* TypeViewController.swift */; };
		A89BC4252AD74413001D706A /* CategorySelectionViewController.swift in Sources */ = {isa = PBXBuildFile; fileRef = A89BC4242AD74413001D706A /* CategorySelectionViewController.swift */; };
		A89BC4272AD74493001D706A /* ScheduleSelectionViewController .swift in Sources */ = {isa = PBXBuildFile; fileRef = A89BC4262AD74493001D706A /* ScheduleSelectionViewController .swift */; };
		A89BC4292AD74584001D706A /* NewHabitViewController.swift in Sources */ = {isa = PBXBuildFile; fileRef = A89BC4282AD74584001D706A /* NewHabitViewController.swift */; };
		A89BC42E2AD751C9001D706A /* NewIrregularEventViewController.swift in Sources */ = {isa = PBXBuildFile; fileRef = A89BC42D2AD751C9001D706A /* NewIrregularEventViewController.swift */; };
		A89BC4352AD752DE001D706A /* TrackerCell.swift in Sources */ = {isa = PBXBuildFile; fileRef = A89BC4342AD752DE001D706A /* TrackerCell.swift */; };
		A89BC4372AD7532B001D706A /* IrregularCategoryCell.swift in Sources */ = {isa = PBXBuildFile; fileRef = A89BC4362AD7532B001D706A /* IrregularCategoryCell.swift */; };
		A89BC4392AD7538A001D706A /* HabitCategoryCell.swift in Sources */ = {isa = PBXBuildFile; fileRef = A89BC4382AD7538A001D706A /* HabitCategoryCell.swift */; };
		A8A3CCC92AC9FF5B001166E9 /* AppDelegate.swift in Sources */ = {isa = PBXBuildFile; fileRef = A8A3CCC82AC9FF5B001166E9 /* AppDelegate.swift */; };
		A8A3CCCB2AC9FF5B001166E9 /* SceneDelegate.swift in Sources */ = {isa = PBXBuildFile; fileRef = A8A3CCCA2AC9FF5B001166E9 /* SceneDelegate.swift */; };
		A8A3CCCD2AC9FF5B001166E9 /* StatisticsViewController.swift in Sources */ = {isa = PBXBuildFile; fileRef = A8A3CCCC2AC9FF5B001166E9 /* StatisticsViewController.swift */; };
		A8A3CCD22AC9FF5E001166E9 /* Assets.xcassets in Resources */ = {isa = PBXBuildFile; fileRef = A8A3CCD12AC9FF5E001166E9 /* Assets.xcassets */; };
		A8A3CCD52AC9FF5E001166E9 /* LaunchScreen.storyboard in Resources */ = {isa = PBXBuildFile; fileRef = A8A3CCD32AC9FF5E001166E9 /* LaunchScreen.storyboard */; };
		A8AEA7BA2AE1E117008C5F9E /* CategoryCell.swift in Sources */ = {isa = PBXBuildFile; fileRef = A8AEA7B92AE1E117008C5F9E /* CategoryCell.swift */; };
		A8AEA7BC2AE1EFFB008C5F9E /* Main.storyboard in Resources */ = {isa = PBXBuildFile; fileRef = A8AEA7BB2AE1EFFB008C5F9E /* Main.storyboard */; };
		A8AEA7BF2AE3D5D3008C5F9E /* TrackersViewControllerProtocol.swift in Sources */ = {isa = PBXBuildFile; fileRef = A8AEA7BE2AE3D5D2008C5F9E /* TrackersViewControllerProtocol.swift */; };
/* End PBXBuildFile section */

/* Begin PBXFileReference section */
		A89BC3EE2AD2F832001D706A /* Models.swift */ = {isa = PBXFileReference; lastKnownFileType = sourcecode.swift; path = Models.swift; sourceTree = "<group>"; };
		A89BC3F02AD2FC22001D706A /* TrackersViewController.swift */ = {isa = PBXFileReference; lastKnownFileType = sourcecode.swift; path = TrackersViewController.swift; sourceTree = "<group>"; };
		A89BC4002AD33BB3001D706A /* ColorCell.swift */ = {isa = PBXFileReference; lastKnownFileType = sourcecode.swift; path = ColorCell.swift; sourceTree = "<group>"; };
		A89BC4032AD33E6C001D706A /* EmojiCell.swift */ = {isa = PBXFileReference; lastKnownFileType = sourcecode.swift; path = EmojiCell.swift; sourceTree = "<group>"; };
		A89BC4052AD3454A001D706A /* TabBarController.swift */ = {isa = PBXFileReference; lastKnownFileType = sourcecode.swift; path = TabBarController.swift; sourceTree = "<group>"; };
		A89BC4142AD7237C001D706A /* ScheduleCell.swift */ = {isa = PBXFileReference; lastKnownFileType = sourcecode.swift; path = ScheduleCell.swift; sourceTree = "<group>"; };
		A89BC4162AD723CE001D706A /* CollectionHeaderSupplementaryView.swift */ = {isa = PBXFileReference; lastKnownFileType = sourcecode.swift; path = CollectionHeaderSupplementaryView.swift; sourceTree = "<group>"; };
		A89BC4222AD7437D001D706A /* TypeViewController.swift */ = {isa = PBXFileReference; lastKnownFileType = sourcecode.swift; path = TypeViewController.swift; sourceTree = "<group>"; };
		A89BC4242AD74413001D706A /* CategorySelectionViewController.swift */ = {isa = PBXFileReference; lastKnownFileType = sourcecode.swift; path = CategorySelectionViewController.swift; sourceTree = "<group>"; };
		A89BC4262AD74493001D706A /* ScheduleSelectionViewController .swift */ = {isa = PBXFileReference; lastKnownFileType = sourcecode.swift; path = "ScheduleSelectionViewController .swift"; sourceTree = "<group>"; };
		A89BC4282AD74584001D706A /* NewHabitViewController.swift */ = {isa = PBXFileReference; lastKnownFileType = sourcecode.swift; path = NewHabitViewController.swift; sourceTree = "<group>"; };
		A89BC42D2AD751C9001D706A /* NewIrregularEventViewController.swift */ = {isa = PBXFileReference; lastKnownFileType = sourcecode.swift; path = NewIrregularEventViewController.swift; sourceTree = "<group>"; };
		A89BC4342AD752DE001D706A /* TrackerCell.swift */ = {isa = PBXFileReference; lastKnownFileType = sourcecode.swift; path = TrackerCell.swift; sourceTree = "<group>"; };
		A89BC4362AD7532B001D706A /* IrregularCategoryCell.swift */ = {isa = PBXFileReference; lastKnownFileType = sourcecode.swift; path = IrregularCategoryCell.swift; sourceTree = "<group>"; };
		A89BC4382AD7538A001D706A /* HabitCategoryCell.swift */ = {isa = PBXFileReference; lastKnownFileType = sourcecode.swift; path = HabitCategoryCell.swift; sourceTree = "<group>"; };
		A8A3CCC52AC9FF5B001166E9 /* Tracker.app */ = {isa = PBXFileReference; explicitFileType = wrapper.application; includeInIndex = 0; path = Tracker.app; sourceTree = BUILT_PRODUCTS_DIR; };
		A8A3CCC82AC9FF5B001166E9 /* AppDelegate.swift */ = {isa = PBXFileReference; lastKnownFileType = sourcecode.swift; path = AppDelegate.swift; sourceTree = "<group>"; };
		A8A3CCCA2AC9FF5B001166E9 /* SceneDelegate.swift */ = {isa = PBXFileReference; lastKnownFileType = sourcecode.swift; path = SceneDelegate.swift; sourceTree = "<group>"; };
		A8A3CCCC2AC9FF5B001166E9 /* StatisticsViewController.swift */ = {isa = PBXFileReference; lastKnownFileType = sourcecode.swift; path = StatisticsViewController.swift; sourceTree = "<group>"; };
		A8A3CCD12AC9FF5E001166E9 /* Assets.xcassets */ = {isa = PBXFileReference; lastKnownFileType = folder.assetcatalog; path = Assets.xcassets; sourceTree = "<group>"; };
		A8A3CCD42AC9FF5E001166E9 /* Base */ = {isa = PBXFileReference; lastKnownFileType = file.storyboard; name = Base; path = Base.lproj/LaunchScreen.storyboard; sourceTree = "<group>"; };
		A8A3CCD62AC9FF5E001166E9 /* Info.plist */ = {isa = PBXFileReference; lastKnownFileType = text.plist.xml; path = Info.plist; sourceTree = "<group>"; };
		A8AEA7B92AE1E117008C5F9E /* CategoryCell.swift */ = {isa = PBXFileReference; lastKnownFileType = sourcecode.swift; path = CategoryCell.swift; sourceTree = "<group>"; };
		A8AEA7BB2AE1EFFB008C5F9E /* Main.storyboard */ = {isa = PBXFileReference; fileEncoding = 4; lastKnownFileType = file.storyboard; path = Main.storyboard; sourceTree = "<group>"; };
		A8AEA7BE2AE3D5D2008C5F9E /* TrackersViewControllerProtocol.swift */ = {isa = PBXFileReference; lastKnownFileType = sourcecode.swift; path = TrackersViewControllerProtocol.swift; sourceTree = "<group>"; };
/* End PBXFileReference section */

/* Begin PBXFrameworksBuildPhase section */
		A8A3CCC22AC9FF5B001166E9 /* Frameworks */ = {
			isa = PBXFrameworksBuildPhase;
			buildActionMask = 2147483647;
			files = (
			);
			runOnlyForDeploymentPostprocessing = 0;
		};
/* End PBXFrameworksBuildPhase section */

/* Begin PBXGroup section */
		A89BC3E62AD2B845001D706A /* Helpers */ = {
			isa = PBXGroup;
			children = (
				A8A3CCC82AC9FF5B001166E9 /* AppDelegate.swift */,
				A8A3CCCA2AC9FF5B001166E9 /* SceneDelegate.swift */,
			);
			path = Helpers;
			sourceTree = "<group>";
		};
		A89BC3EB2AD2D893001D706A /* Resurses */ = {
			isa = PBXGroup;
			children = (
				A8AEA7BB2AE1EFFB008C5F9E /* Main.storyboard */,
				A8A3CCD32AC9FF5E001166E9 /* LaunchScreen.storyboard */,
				A8A3CCD12AC9FF5E001166E9 /* Assets.xcassets */,
			);
			path = Resurses;
			sourceTree = "<group>";
		};
		A89BC40E2AD7118F001D706A /* Statistics */ = {
			isa = PBXGroup;
			children = (
				A8A3CCCC2AC9FF5B001166E9 /* StatisticsViewController.swift */,
			);
			path = Statistics;
			sourceTree = "<group>";
		};
		A89BC40F2AD711A1001D706A /* TabBar */ = {
			isa = PBXGroup;
			children = (
				A89BC4052AD3454A001D706A /* TabBarController.swift */,
				A89BC3F02AD2FC22001D706A /* TrackersViewController.swift */,
			);
			path = TabBar;
			sourceTree = "<group>";
		};
		A89BC4132AD72350001D706A /* View */ = {
			isa = PBXGroup;
			children = (
				A89BC4162AD723CE001D706A /* CollectionHeaderSupplementaryView.swift */,
			);
			path = View;
			sourceTree = "<group>";
		};
		A89BC4202AD74151001D706A /* Cells */ = {
			isa = PBXGroup;
			children = (
				A89BC4032AD33E6C001D706A /* EmojiCell.swift */,
				A89BC4002AD33BB3001D706A /* ColorCell.swift */,
				A89BC4142AD7237C001D706A /* ScheduleCell.swift */,
				A89BC4342AD752DE001D706A /* TrackerCell.swift */,
				A89BC4362AD7532B001D706A /* IrregularCategoryCell.swift */,
				A89BC4382AD7538A001D706A /* HabitCategoryCell.swift */,
				A8AEA7B92AE1E117008C5F9E /* CategoryCell.swift */,
			);
			path = Cells;
			sourceTree = "<group>";
		};
		A89BC4212AD74303001D706A /* Create */ = {
			isa = PBXGroup;
			children = (
				A89BC4222AD7437D001D706A /* TypeViewController.swift */,
				A89BC4242AD74413001D706A /* CategorySelectionViewController.swift */,
				A89BC4262AD74493001D706A /* ScheduleSelectionViewController .swift */,
				A89BC4282AD74584001D706A /* NewHabitViewController.swift */,
				A89BC42D2AD751C9001D706A /* NewIrregularEventViewController.swift */,
			);
			path = Create;
			sourceTree = "<group>";
		};
		A8A3CCBC2AC9FF5B001166E9 = {
			isa = PBXGroup;
			children = (
				A8A3CCC72AC9FF5B001166E9 /* Tracker */,
				A8A3CCC62AC9FF5B001166E9 /* Products */,
			);
			sourceTree = "<group>";
		};
		A8A3CCC62AC9FF5B001166E9 /* Products */ = {
			isa = PBXGroup;
			children = (
				A8A3CCC52AC9FF5B001166E9 /* Tracker.app */,
			);
			name = Products;
			sourceTree = "<group>";
		};
		A8A3CCC72AC9FF5B001166E9 /* Tracker */ = {
			isa = PBXGroup;
			children = (
				A8AEA7BD2AE3D595008C5F9E /* Protocols */,
				A8AEA7C02AE3D95B008C5F9E /* Models */,
				A89BC40F2AD711A1001D706A /* TabBar */,
				A89BC4132AD72350001D706A /* View */,
				A89BC40E2AD7118F001D706A /* Statistics */,
				A89BC4202AD74151001D706A /* Cells */,
				A89BC4212AD74303001D706A /* Create */,
				A89BC3E62AD2B845001D706A /* Helpers */,
				A89BC3EB2AD2D893001D706A /* Resurses */,
				A8A3CCD62AC9FF5E001166E9 /* Info.plist */,
			);
			path = Tracker;
			sourceTree = "<group>";
		};
		A8AEA7BD2AE3D595008C5F9E /* Protocols */ = {
			isa = PBXGroup;
			children = (
				A8AEA7BE2AE3D5D2008C5F9E /* TrackersViewControllerProtocol.swift */,
			);
			path = Protocols;
			sourceTree = "<group>";
		};
		A8AEA7C02AE3D95B008C5F9E /* Models */ = {
			isa = PBXGroup;
			children = (
				A89BC3EE2AD2F832001D706A /* Models.swift */,
			);
			path = Models;
			sourceTree = "<group>";
		};
/* End PBXGroup section */

/* Begin PBXNativeTarget section */
		A8A3CCC42AC9FF5B001166E9 /* Tracker */ = {
			isa = PBXNativeTarget;
			buildConfigurationList = A8A3CCD92AC9FF5E001166E9 /* Build configuration list for PBXNativeTarget "Tracker" */;
			buildPhases = (
				A8A3CCC12AC9FF5B001166E9 /* Sources */,
				A8A3CCC22AC9FF5B001166E9 /* Frameworks */,
				A8A3CCC32AC9FF5B001166E9 /* Resources */,
			);
			buildRules = (
			);
			dependencies = (
			);
			name = Tracker;
			packageProductDependencies = (
			);
			productName = Tracker;
			productReference = A8A3CCC52AC9FF5B001166E9 /* Tracker.app */;
			productType = "com.apple.product-type.application";
		};
/* End PBXNativeTarget section */

/* Begin PBXProject section */
		A8A3CCBD2AC9FF5B001166E9 /* Project object */ = {
			isa = PBXProject;
			attributes = {
				BuildIndependentTargetsInParallel = 1;
				LastSwiftUpdateCheck = 1420;
				LastUpgradeCheck = 1420;
				TargetAttributes = {
					A8A3CCC42AC9FF5B001166E9 = {
						CreatedOnToolsVersion = 14.2;
					};
				};
			};
			buildConfigurationList = A8A3CCC02AC9FF5B001166E9 /* Build configuration list for PBXProject "Tracker" */;
			compatibilityVersion = "Xcode 14.0";
			developmentRegion = en;
			hasScannedForEncodings = 0;
			knownRegions = (
				en,
				Base,
			);
			mainGroup = A8A3CCBC2AC9FF5B001166E9;
			packageReferences = (
			);
			productRefGroup = A8A3CCC62AC9FF5B001166E9 /* Products */;
			projectDirPath = "";
			projectRoot = "";
			targets = (
				A8A3CCC42AC9FF5B001166E9 /* Tracker */,
			);
		};
/* End PBXProject section */

/* Begin PBXResourcesBuildPhase section */
		A8A3CCC32AC9FF5B001166E9 /* Resources */ = {
			isa = PBXResourcesBuildPhase;
			buildActionMask = 2147483647;
			files = (
				A8AEA7BC2AE1EFFB008C5F9E /* Main.storyboard in Resources */,
				A8A3CCD52AC9FF5E001166E9 /* LaunchScreen.storyboard in Resources */,
				A8A3CCD22AC9FF5E001166E9 /* Assets.xcassets in Resources */,
			);
			runOnlyForDeploymentPostprocessing = 0;
		};
/* End PBXResourcesBuildPhase section */

/* Begin PBXSourcesBuildPhase section */
		A8A3CCC12AC9FF5B001166E9 /* Sources */ = {
			isa = PBXSourcesBuildPhase;
			buildActionMask = 2147483647;
			files = (
				A89BC42E2AD751C9001D706A /* NewIrregularEventViewController.swift in Sources */,
				A89BC4172AD723CE001D706A /* CollectionHeaderSupplementaryView.swift in Sources */,
				A89BC4272AD74493001D706A /* ScheduleSelectionViewController .swift in Sources */,
				A8AEA7BF2AE3D5D3008C5F9E /* TrackersViewControllerProtocol.swift in Sources */,
				A8A3CCCD2AC9FF5B001166E9 /* StatisticsViewController.swift in Sources */,
				A8A3CCC92AC9FF5B001166E9 /* AppDelegate.swift in Sources */,
				A89BC4152AD7237C001D706A /* ScheduleCell.swift in Sources */,
				A89BC4062AD3454A001D706A /* TabBarController.swift in Sources */,
				A89BC4252AD74413001D706A /* CategorySelectionViewController.swift in Sources */,
				A89BC4392AD7538A001D706A /* HabitCategoryCell.swift in Sources */,
				A89BC4292AD74584001D706A /* NewHabitViewController.swift in Sources */,
				A89BC3EF2AD2F832001D706A /* Models.swift in Sources */,
				A89BC3F12AD2FC22001D706A /* TrackersViewController.swift in Sources */,
				A89BC4372AD7532B001D706A /* IrregularCategoryCell.swift in Sources */,
				A8A3CCCB2AC9FF5B001166E9 /* SceneDelegate.swift in Sources */,
				A89BC4012AD33BB3001D706A /* ColorCell.swift in Sources */,
				A89BC4352AD752DE001D706A /* TrackerCell.swift in Sources */,
				A89BC4042AD33E6C001D706A /* EmojiCell.swift in Sources */,
				A89BC4232AD7437D001D706A /* TypeViewController.swift in Sources */,
				A8AEA7BA2AE1E117008C5F9E /* CategoryCell.swift in Sources */,
			);
			runOnlyForDeploymentPostprocessing = 0;
		};
/* End PBXSourcesBuildPhase section */

/* Begin PBXVariantGroup section */
		A8A3CCD32AC9FF5E001166E9 /* LaunchScreen.storyboard */ = {
			isa = PBXVariantGroup;
			children = (
				A8A3CCD42AC9FF5E001166E9 /* Base */,
			);
			name = LaunchScreen.storyboard;
			sourceTree = "<group>";
		};
/* End PBXVariantGroup section */

/* Begin XCBuildConfiguration section */
		A8A3CCD72AC9FF5E001166E9 /* Debug */ = {
			isa = XCBuildConfiguration;
			buildSettings = {
				ALWAYS_SEARCH_USER_PATHS = NO;
				CLANG_ANALYZER_NONNULL = YES;
				CLANG_ANALYZER_NUMBER_OBJECT_CONVERSION = YES_AGGRESSIVE;
				CLANG_CXX_LANGUAGE_STANDARD = "gnu++20";
				CLANG_ENABLE_MODULES = YES;
				CLANG_ENABLE_OBJC_ARC = YES;
				CLANG_ENABLE_OBJC_WEAK = YES;
				CLANG_WARN_BLOCK_CAPTURE_AUTORELEASING = YES;
				CLANG_WARN_BOOL_CONVERSION = YES;
				CLANG_WARN_COMMA = YES;
				CLANG_WARN_CONSTANT_CONVERSION = YES;
				CLANG_WARN_DEPRECATED_OBJC_IMPLEMENTATIONS = YES;
				CLANG_WARN_DIRECT_OBJC_ISA_USAGE = YES_ERROR;
				CLANG_WARN_DOCUMENTATION_COMMENTS = YES;
				CLANG_WARN_EMPTY_BODY = YES;
				CLANG_WARN_ENUM_CONVERSION = YES;
				CLANG_WARN_INFINITE_RECURSION = YES;
				CLANG_WARN_INT_CONVERSION = YES;
				CLANG_WARN_NON_LITERAL_NULL_CONVERSION = YES;
				CLANG_WARN_OBJC_IMPLICIT_RETAIN_SELF = YES;
				CLANG_WARN_OBJC_LITERAL_CONVERSION = YES;
				CLANG_WARN_OBJC_ROOT_CLASS = YES_ERROR;
				CLANG_WARN_QUOTED_INCLUDE_IN_FRAMEWORK_HEADER = YES;
				CLANG_WARN_RANGE_LOOP_ANALYSIS = YES;
				CLANG_WARN_STRICT_PROTOTYPES = YES;
				CLANG_WARN_SUSPICIOUS_MOVE = YES;
				CLANG_WARN_UNGUARDED_AVAILABILITY = YES_AGGRESSIVE;
				CLANG_WARN_UNREACHABLE_CODE = YES;
				CLANG_WARN__DUPLICATE_METHOD_MATCH = YES;
				COPY_PHASE_STRIP = NO;
				DEBUG_INFORMATION_FORMAT = dwarf;
				ENABLE_STRICT_OBJC_MSGSEND = YES;
				ENABLE_TESTABILITY = YES;
				GCC_C_LANGUAGE_STANDARD = gnu11;
				GCC_DYNAMIC_NO_PIC = NO;
				GCC_NO_COMMON_BLOCKS = YES;
				GCC_OPTIMIZATION_LEVEL = 0;
				GCC_PREPROCESSOR_DEFINITIONS = (
					"DEBUG=1",
					"$(inherited)",
				);
				GCC_WARN_64_TO_32_BIT_CONVERSION = YES;
				GCC_WARN_ABOUT_RETURN_TYPE = YES_ERROR;
				GCC_WARN_UNDECLARED_SELECTOR = YES;
				GCC_WARN_UNINITIALIZED_AUTOS = YES_AGGRESSIVE;
				GCC_WARN_UNUSED_FUNCTION = YES;
				GCC_WARN_UNUSED_VARIABLE = YES;
				IPHONEOS_DEPLOYMENT_TARGET = 13.4;
				MTL_ENABLE_DEBUG_INFO = INCLUDE_SOURCE;
				MTL_FAST_MATH = YES;
				ONLY_ACTIVE_ARCH = YES;
				SDKROOT = iphoneos;
				SWIFT_ACTIVE_COMPILATION_CONDITIONS = DEBUG;
				SWIFT_OPTIMIZATION_LEVEL = "-Onone";
			};
			name = Debug;
		};
		A8A3CCD82AC9FF5E001166E9 /* Release */ = {
			isa = XCBuildConfiguration;
			buildSettings = {
				ALWAYS_SEARCH_USER_PATHS = NO;
				CLANG_ANALYZER_NONNULL = YES;
				CLANG_ANALYZER_NUMBER_OBJECT_CONVERSION = YES_AGGRESSIVE;
				CLANG_CXX_LANGUAGE_STANDARD = "gnu++20";
				CLANG_ENABLE_MODULES = YES;
				CLANG_ENABLE_OBJC_ARC = YES;
				CLANG_ENABLE_OBJC_WEAK = YES;
				CLANG_WARN_BLOCK_CAPTURE_AUTORELEASING = YES;
				CLANG_WARN_BOOL_CONVERSION = YES;
				CLANG_WARN_COMMA = YES;
				CLANG_WARN_CONSTANT_CONVERSION = YES;
				CLANG_WARN_DEPRECATED_OBJC_IMPLEMENTATIONS = YES;
				CLANG_WARN_DIRECT_OBJC_ISA_USAGE = YES_ERROR;
				CLANG_WARN_DOCUMENTATION_COMMENTS = YES;
				CLANG_WARN_EMPTY_BODY = YES;
				CLANG_WARN_ENUM_CONVERSION = YES;
				CLANG_WARN_INFINITE_RECURSION = YES;
				CLANG_WARN_INT_CONVERSION = YES;
				CLANG_WARN_NON_LITERAL_NULL_CONVERSION = YES;
				CLANG_WARN_OBJC_IMPLICIT_RETAIN_SELF = YES;
				CLANG_WARN_OBJC_LITERAL_CONVERSION = YES;
				CLANG_WARN_OBJC_ROOT_CLASS = YES_ERROR;
				CLANG_WARN_QUOTED_INCLUDE_IN_FRAMEWORK_HEADER = YES;
				CLANG_WARN_RANGE_LOOP_ANALYSIS = YES;
				CLANG_WARN_STRICT_PROTOTYPES = YES;
				CLANG_WARN_SUSPICIOUS_MOVE = YES;
				CLANG_WARN_UNGUARDED_AVAILABILITY = YES_AGGRESSIVE;
				CLANG_WARN_UNREACHABLE_CODE = YES;
				CLANG_WARN__DUPLICATE_METHOD_MATCH = YES;
				COPY_PHASE_STRIP = NO;
				DEBUG_INFORMATION_FORMAT = "dwarf-with-dsym";
				ENABLE_NS_ASSERTIONS = NO;
				ENABLE_STRICT_OBJC_MSGSEND = YES;
				GCC_C_LANGUAGE_STANDARD = gnu11;
				GCC_NO_COMMON_BLOCKS = YES;
				GCC_WARN_64_TO_32_BIT_CONVERSION = YES;
				GCC_WARN_ABOUT_RETURN_TYPE = YES_ERROR;
				GCC_WARN_UNDECLARED_SELECTOR = YES;
				GCC_WARN_UNINITIALIZED_AUTOS = YES_AGGRESSIVE;
				GCC_WARN_UNUSED_FUNCTION = YES;
				GCC_WARN_UNUSED_VARIABLE = YES;
				IPHONEOS_DEPLOYMENT_TARGET = 13.4;
				MTL_ENABLE_DEBUG_INFO = NO;
				MTL_FAST_MATH = YES;
				SDKROOT = iphoneos;
				SWIFT_COMPILATION_MODE = wholemodule;
				SWIFT_OPTIMIZATION_LEVEL = "-O";
				VALIDATE_PRODUCT = YES;
			};
			name = Release;
		};
		A8A3CCDA2AC9FF5E001166E9 /* Debug */ = {
			isa = XCBuildConfiguration;
			buildSettings = {
				ASSETCATALOG_COMPILER_APPICON_NAME = AppIcon;
				ASSETCATALOG_COMPILER_GLOBAL_ACCENT_COLOR_NAME = AccentColor;
				CODE_SIGN_STYLE = Automatic;
				CURRENT_PROJECT_VERSION = 1;
				DEVELOPMENT_TEAM = 3JV5F4DZG5;
				GENERATE_INFOPLIST_FILE = YES;
				INFOPLIST_FILE = Tracker/Info.plist;
				INFOPLIST_KEY_UIApplicationSupportsIndirectInputEvents = YES;
				INFOPLIST_KEY_UILaunchStoryboardName = LaunchScreen;
				INFOPLIST_KEY_UIMainStoryboardFile = Main;
				INFOPLIST_KEY_UISupportedInterfaceOrientations = UIInterfaceOrientationPortrait;
				INFOPLIST_KEY_UISupportedInterfaceOrientations_iPad = "UIInterfaceOrientationLandscapeLeft UIInterfaceOrientationLandscapeRight UIInterfaceOrientationPortrait UIInterfaceOrientationPortraitUpsideDown";
				IPHONEOS_DEPLOYMENT_TARGET = 13.4;
				LD_RUNPATH_SEARCH_PATHS = (
					"$(inherited)",
					"@executable_path/Frameworks",
				);
				MARKETING_VERSION = 1.0;
				PRODUCT_BUNDLE_IDENTIFIER = ru.yandex.practicum.lexx2406.New.Tracker;
				PRODUCT_NAME = "$(TARGET_NAME)";
				SUPPORTED_PLATFORMS = "iphoneos iphonesimulator";
				SUPPORTS_MACCATALYST = NO;
				SUPPORTS_MAC_DESIGNED_FOR_IPHONE_IPAD = NO;
				SWIFT_EMIT_LOC_STRINGS = YES;
				SWIFT_VERSION = 5.0;
				TARGETED_DEVICE_FAMILY = 1;
			};
			name = Debug;
		};
		A8A3CCDB2AC9FF5E001166E9 /* Release */ = {
			isa = XCBuildConfiguration;
			buildSettings = {
				ASSETCATALOG_COMPILER_APPICON_NAME = AppIcon;
				ASSETCATALOG_COMPILER_GLOBAL_ACCENT_COLOR_NAME = AccentColor;
				CODE_SIGN_STYLE = Automatic;
				CURRENT_PROJECT_VERSION = 1;
				DEVELOPMENT_TEAM = 3JV5F4DZG5;
				GENERATE_INFOPLIST_FILE = YES;
				INFOPLIST_FILE = Tracker/Info.plist;
				INFOPLIST_KEY_UIApplicationSupportsIndirectInputEvents = YES;
				INFOPLIST_KEY_UILaunchStoryboardName = LaunchScreen;
				INFOPLIST_KEY_UIMainStoryboardFile = Main;
				INFOPLIST_KEY_UISupportedInterfaceOrientations = UIInterfaceOrientationPortrait;
				INFOPLIST_KEY_UISupportedInterfaceOrientations_iPad = "UIInterfaceOrientationLandscapeLeft UIInterfaceOrientationLandscapeRight UIInterfaceOrientationPortrait UIInterfaceOrientationPortraitUpsideDown";
				IPHONEOS_DEPLOYMENT_TARGET = 13.4;
				LD_RUNPATH_SEARCH_PATHS = (
					"$(inherited)",
					"@executable_path/Frameworks",
				);
				MARKETING_VERSION = 1.0;
				PRODUCT_BUNDLE_IDENTIFIER = ru.yandex.practicum.lexx2406.New.Tracker;
				PRODUCT_NAME = "$(TARGET_NAME)";
				SUPPORTED_PLATFORMS = "iphoneos iphonesimulator";
				SUPPORTS_MACCATALYST = NO;
				SUPPORTS_MAC_DESIGNED_FOR_IPHONE_IPAD = NO;
				SWIFT_EMIT_LOC_STRINGS = YES;
				SWIFT_VERSION = 5.0;
				TARGETED_DEVICE_FAMILY = 1;
			};
			name = Release;
		};
/* End XCBuildConfiguration section */

/* Begin XCConfigurationList section */
		A8A3CCC02AC9FF5B001166E9 /* Build configuration list for PBXProject "Tracker" */ = {
			isa = XCConfigurationList;
			buildConfigurations = (
				A8A3CCD72AC9FF5E001166E9 /* Debug */,
				A8A3CCD82AC9FF5E001166E9 /* Release */,
			);
			defaultConfigurationIsVisible = 0;
			defaultConfigurationName = Release;
		};
		A8A3CCD92AC9FF5E001166E9 /* Build configuration list for PBXNativeTarget "Tracker" */ = {
			isa = XCConfigurationList;
			buildConfigurations = (
				A8A3CCDA2AC9FF5E001166E9 /* Debug */,
				A8A3CCDB2AC9FF5E001166E9 /* Release */,
			);
			defaultConfigurationIsVisible = 0;
			defaultConfigurationName = Release;
		};
/* End XCConfigurationList section */
	};
	rootObject = A8A3CCBD2AC9FF5B001166E9 /* Project object */;
}
