// !$*UTF8*$!
{
	archiveVersion = 1;
	classes = {
	};
	objectVersion = 56;
	objects = {

/* Begin PBXBuildFile section */
		A89BC3E82AD2B881001D706A /* UIColor+Extensions.swift in Sources */ = {isa = PBXBuildFile; fileRef = A89BC3E72AD2B881001D706A /* UIColor+Extensions.swift */; };
		A89BC3EA2AD2BDC2001D706A /* UIDate+Extensions.swift in Sources */ = {isa = PBXBuildFile; fileRef = A89BC3E92AD2BDC2001D706A /* UIDate+Extensions.swift */; };
		A89BC3EF2AD2F832001D706A /* Models.swift in Sources */ = {isa = PBXBuildFile; fileRef = A89BC3EE2AD2F832001D706A /* Models.swift */; };
		A89BC3F12AD2FC22001D706A /* TabBarController.swift in Sources */ = {isa = PBXBuildFile; fileRef = A89BC3F02AD2FC22001D706A /* TabBarController.swift */; };
		A89BC3F42AD30959001D706A /* SheduleViewController.swift in Sources */ = {isa = PBXBuildFile; fileRef = A89BC3F32AD30959001D706A /* SheduleViewController.swift */; };
		A89BC3F72AD30A30001D706A /* Protocols.swift in Sources */ = {isa = PBXBuildFile; fileRef = A89BC3F62AD30A30001D706A /* Protocols.swift */; };
		A89BC3F92AD30ADB001D706A /* WeekTableCell.swift in Sources */ = {isa = PBXBuildFile; fileRef = A89BC3F82AD30ADB001D706A /* WeekTableCell.swift */; };
		A89BC3FD2AD33773001D706A /* CategoryViewController.swift in Sources */ = {isa = PBXBuildFile; fileRef = A89BC3FC2AD33772001D706A /* CategoryViewController.swift */; };
		A89BC3FF2AD339DA001D706A /* CategoryTableCell.swift in Sources */ = {isa = PBXBuildFile; fileRef = A89BC3FE2AD339DA001D706A /* CategoryTableCell.swift */; };
		A89BC4012AD33BB3001D706A /* TrackerViewController.swift in Sources */ = {isa = PBXBuildFile; fileRef = A89BC4002AD33BB3001D706A /* TrackerViewController.swift */; };
		A89BC4042AD33E6C001D706A /* EventViewController.swift in Sources */ = {isa = PBXBuildFile; fileRef = A89BC4032AD33E6C001D706A /* EventViewController.swift */; };
		A89BC4062AD3454A001D706A /* CreateTrackerViewController.swift in Sources */ = {isa = PBXBuildFile; fileRef = A89BC4052AD3454A001D706A /* CreateTrackerViewController.swift */; };
		A89BC4092AD348D2001D706A /* CollectonViewCell.swift in Sources */ = {isa = PBXBuildFile; fileRef = A89BC4082AD348D2001D706A /* CollectonViewCell.swift */; };
		A89BC40B2AD3495C001D706A /* SupplementaryView.swift in Sources */ = {isa = PBXBuildFile; fileRef = A89BC40A2AD3495C001D706A /* SupplementaryView.swift */; };
		A89BC40D2AD34BD4001D706A /* MockData.swift in Sources */ = {isa = PBXBuildFile; fileRef = A89BC40C2AD34BD4001D706A /* MockData.swift */; };
		A8A3CCC92AC9FF5B001166E9 /* AppDelegate.swift in Sources */ = {isa = PBXBuildFile; fileRef = A8A3CCC82AC9FF5B001166E9 /* AppDelegate.swift */; };
		A8A3CCCB2AC9FF5B001166E9 /* SceneDelegate.swift in Sources */ = {isa = PBXBuildFile; fileRef = A8A3CCCA2AC9FF5B001166E9 /* SceneDelegate.swift */; };
		A8A3CCCD2AC9FF5B001166E9 /* ViewController.swift in Sources */ = {isa = PBXBuildFile; fileRef = A8A3CCCC2AC9FF5B001166E9 /* ViewController.swift */; };
		A8A3CCD02AC9FF5B001166E9 /* Main.storyboard in Resources */ = {isa = PBXBuildFile; fileRef = A8A3CCCE2AC9FF5B001166E9 /* Main.storyboard */; };
		A8A3CCD22AC9FF5E001166E9 /* Assets.xcassets in Resources */ = {isa = PBXBuildFile; fileRef = A8A3CCD12AC9FF5E001166E9 /* Assets.xcassets */; };
		A8A3CCD52AC9FF5E001166E9 /* LaunchScreen.storyboard in Resources */ = {isa = PBXBuildFile; fileRef = A8A3CCD32AC9FF5E001166E9 /* LaunchScreen.storyboard */; };
/* End PBXBuildFile section */

/* Begin PBXFileReference section */
		A89BC3E72AD2B881001D706A /* UIColor+Extensions.swift */ = {isa = PBXFileReference; lastKnownFileType = sourcecode.swift; path = "UIColor+Extensions.swift"; sourceTree = "<group>"; };
		A89BC3E92AD2BDC2001D706A /* UIDate+Extensions.swift */ = {isa = PBXFileReference; lastKnownFileType = sourcecode.swift; path = "UIDate+Extensions.swift"; sourceTree = "<group>"; };
		A89BC3EE2AD2F832001D706A /* Models.swift */ = {isa = PBXFileReference; lastKnownFileType = sourcecode.swift; path = Models.swift; sourceTree = "<group>"; };
		A89BC3F02AD2FC22001D706A /* TabBarController.swift */ = {isa = PBXFileReference; lastKnownFileType = sourcecode.swift; path = TabBarController.swift; sourceTree = "<group>"; };
		A89BC3F32AD30959001D706A /* SheduleViewController.swift */ = {isa = PBXFileReference; lastKnownFileType = sourcecode.swift; path = SheduleViewController.swift; sourceTree = "<group>"; };
		A89BC3F62AD30A30001D706A /* Protocols.swift */ = {isa = PBXFileReference; lastKnownFileType = sourcecode.swift; path = Protocols.swift; sourceTree = "<group>"; };
		A89BC3F82AD30ADB001D706A /* WeekTableCell.swift */ = {isa = PBXFileReference; lastKnownFileType = sourcecode.swift; path = WeekTableCell.swift; sourceTree = "<group>"; };
		A89BC3FC2AD33772001D706A /* CategoryViewController.swift */ = {isa = PBXFileReference; lastKnownFileType = sourcecode.swift; path = CategoryViewController.swift; sourceTree = "<group>"; };
		A89BC3FE2AD339DA001D706A /* CategoryTableCell.swift */ = {isa = PBXFileReference; lastKnownFileType = sourcecode.swift; path = CategoryTableCell.swift; sourceTree = "<group>"; };
		A89BC4002AD33BB3001D706A /* TrackerViewController.swift */ = {isa = PBXFileReference; lastKnownFileType = sourcecode.swift; path = TrackerViewController.swift; sourceTree = "<group>"; };
		A89BC4032AD33E6C001D706A /* EventViewController.swift */ = {isa = PBXFileReference; lastKnownFileType = sourcecode.swift; path = EventViewController.swift; sourceTree = "<group>"; };
		A89BC4052AD3454A001D706A /* CreateTrackerViewController.swift */ = {isa = PBXFileReference; lastKnownFileType = sourcecode.swift; path = CreateTrackerViewController.swift; sourceTree = "<group>"; };
		A89BC4082AD348D2001D706A /* CollectonViewCell.swift */ = {isa = PBXFileReference; lastKnownFileType = sourcecode.swift; path = CollectonViewCell.swift; sourceTree = "<group>"; };
		A89BC40A2AD3495C001D706A /* SupplementaryView.swift */ = {isa = PBXFileReference; lastKnownFileType = sourcecode.swift; path = SupplementaryView.swift; sourceTree = "<group>"; };
		A89BC40C2AD34BD4001D706A /* MockData.swift */ = {isa = PBXFileReference; lastKnownFileType = sourcecode.swift; path = MockData.swift; sourceTree = "<group>"; };
		A8A3CCC52AC9FF5B001166E9 /* Tracker.app */ = {isa = PBXFileReference; explicitFileType = wrapper.application; includeInIndex = 0; path = Tracker.app; sourceTree = BUILT_PRODUCTS_DIR; };
		A8A3CCC82AC9FF5B001166E9 /* AppDelegate.swift */ = {isa = PBXFileReference; lastKnownFileType = sourcecode.swift; path = AppDelegate.swift; sourceTree = "<group>"; };
		A8A3CCCA2AC9FF5B001166E9 /* SceneDelegate.swift */ = {isa = PBXFileReference; lastKnownFileType = sourcecode.swift; path = SceneDelegate.swift; sourceTree = "<group>"; };
		A8A3CCCC2AC9FF5B001166E9 /* ViewController.swift */ = {isa = PBXFileReference; lastKnownFileType = sourcecode.swift; path = ViewController.swift; sourceTree = "<group>"; };
		A8A3CCCF2AC9FF5B001166E9 /* Base */ = {isa = PBXFileReference; lastKnownFileType = file.storyboard; name = Base; path = Base.lproj/Main.storyboard; sourceTree = "<group>"; };
		A8A3CCD12AC9FF5E001166E9 /* Assets.xcassets */ = {isa = PBXFileReference; lastKnownFileType = folder.assetcatalog; path = Assets.xcassets; sourceTree = "<group>"; };
		A8A3CCD42AC9FF5E001166E9 /* Base */ = {isa = PBXFileReference; lastKnownFileType = file.storyboard; name = Base; path = Base.lproj/LaunchScreen.storyboard; sourceTree = "<group>"; };
		A8A3CCD62AC9FF5E001166E9 /* Info.plist */ = {isa = PBXFileReference; lastKnownFileType = text.plist.xml; path = Info.plist; sourceTree = "<group>"; };
/* End PBXFileReference section */

/* Begin PBXFrameworksBuildPhase section */
		A8A3CCC22AC9FF5B001166E9 /* Frameworks */ = {
			isa = PBXFrameworksBuildPhase;
			buildActionMask = 2147483647;
			files = (
			);
			runOnlyForDeploymentPostprocessing = 0;
		};
/* End PBXFrameworksBuildPhase section */

/* Begin PBXGroup section */
		A89BC3E62AD2B845001D706A /* Helpers */ = {
			isa = PBXGroup;
			children = (
				A89BC3EE2AD2F832001D706A /* Models.swift */,
				A89BC3F62AD30A30001D706A /* Protocols.swift */,
				A8A3CCC82AC9FF5B001166E9 /* AppDelegate.swift */,
				A8A3CCCA2AC9FF5B001166E9 /* SceneDelegate.swift */,
				A89BC3E72AD2B881001D706A /* UIColor+Extensions.swift */,
				A89BC3E92AD2BDC2001D706A /* UIDate+Extensions.swift */,
				A89BC40C2AD34BD4001D706A /* MockData.swift */,
			);
			path = Helpers;
			sourceTree = "<group>";
		};
		A89BC3EB2AD2D893001D706A /* Resurses */ = {
			isa = PBXGroup;
			children = (
				A8A3CCCE2AC9FF5B001166E9 /* Main.storyboard */,
				A8A3CCD32AC9FF5E001166E9 /* LaunchScreen.storyboard */,
				A8A3CCD12AC9FF5E001166E9 /* Assets.xcassets */,
				A8A3CCD62AC9FF5E001166E9 /* Info.plist */,
			);
			path = Resurses;
			sourceTree = "<group>";
		};
		A89BC3FA2AD31B6F001D706A /* Tables */ = {
			isa = PBXGroup;
			children = (
				A89BC3F82AD30ADB001D706A /* WeekTableCell.swift */,
				A89BC3FE2AD339DA001D706A /* CategoryTableCell.swift */,
			);
			path = Tables;
			sourceTree = "<group>";
		};
		A89BC3FB2AD31B94001D706A /* Controllers */ = {
			isa = PBXGroup;
			children = (
				A89BC4072AD34860001D706A /* Collections */,
				A89BC3FA2AD31B6F001D706A /* Tables */,
				A89BC3F32AD30959001D706A /* SheduleViewController.swift */,
				A89BC3F02AD2FC22001D706A /* TabBarController.swift */,
				A8A3CCCC2AC9FF5B001166E9 /* ViewController.swift */,
				A89BC3FC2AD33772001D706A /* CategoryViewController.swift */,
				A89BC4002AD33BB3001D706A /* TrackerViewController.swift */,
				A89BC4032AD33E6C001D706A /* EventViewController.swift */,
				A89BC4052AD3454A001D706A /* CreateTrackerViewController.swift */,
			);
			path = Controllers;
			sourceTree = "<group>";
		};
		A89BC4072AD34860001D706A /* Collections */ = {
			isa = PBXGroup;
			children = (
				A89BC4082AD348D2001D706A /* CollectonViewCell.swift */,
				A89BC40A2AD3495C001D706A /* SupplementaryView.swift */,
			);
			path = Collections;
			sourceTree = "<group>";
		};
		A8A3CCBC2AC9FF5B001166E9 = {
			isa = PBXGroup;
			children = (
				A8A3CCC72AC9FF5B001166E9 /* Tracker */,
				A8A3CCC62AC9FF5B001166E9 /* Products */,
			);
			sourceTree = "<group>";
		};
		A8A3CCC62AC9FF5B001166E9 /* Products */ = {
			isa = PBXGroup;
			children = (
				A8A3CCC52AC9FF5B001166E9 /* Tracker.app */,
			);
			name = Products;
			sourceTree = "<group>";
		};
		A8A3CCC72AC9FF5B001166E9 /* Tracker */ = {
			isa = PBXGroup;
			children = (
				A89BC3FB2AD31B94001D706A /* Controllers */,
				A89BC3E62AD2B845001D706A /* Helpers */,
				A89BC3EB2AD2D893001D706A /* Resurses */,
			);
			path = Tracker;
			sourceTree = "<group>";
		};
/* End PBXGroup section */

/* Begin PBXNativeTarget section */
		A8A3CCC42AC9FF5B001166E9 /* Tracker */ = {
			isa = PBXNativeTarget;
			buildConfigurationList = A8A3CCD92AC9FF5E001166E9 /* Build configuration list for PBXNativeTarget "Tracker" */;
			buildPhases = (
				A8A3CCC12AC9FF5B001166E9 /* Sources */,
				A8A3CCC22AC9FF5B001166E9 /* Frameworks */,
				A8A3CCC32AC9FF5B001166E9 /* Resources */,
			);
			buildRules = (
			);
			dependencies = (
			);
			name = Tracker;
			productName = Tracker;
			productReference = A8A3CCC52AC9FF5B001166E9 /* Tracker.app */;
			productType = "com.apple.product-type.application";
		};
/* End PBXNativeTarget section */

/* Begin PBXProject section */
		A8A3CCBD2AC9FF5B001166E9 /* Project object */ = {
			isa = PBXProject;
			attributes = {
				BuildIndependentTargetsInParallel = 1;
				LastSwiftUpdateCheck = 1420;
				LastUpgradeCheck = 1420;
				TargetAttributes = {
					A8A3CCC42AC9FF5B001166E9 = {
						CreatedOnToolsVersion = 14.2;
					};
				};
			};
			buildConfigurationList = A8A3CCC02AC9FF5B001166E9 /* Build configuration list for PBXProject "Tracker" */;
			compatibilityVersion = "Xcode 14.0";
			developmentRegion = en;
			hasScannedForEncodings = 0;
			knownRegions = (
				en,
				Base,
			);
			mainGroup = A8A3CCBC2AC9FF5B001166E9;
			productRefGroup = A8A3CCC62AC9FF5B001166E9 /* Products */;
			projectDirPath = "";
			projectRoot = "";
			targets = (
				A8A3CCC42AC9FF5B001166E9 /* Tracker */,
			);
		};
/* End PBXProject section */

/* Begin PBXResourcesBuildPhase section */
		A8A3CCC32AC9FF5B001166E9 /* Resources */ = {
			isa = PBXResourcesBuildPhase;
			buildActionMask = 2147483647;
			files = (
				A8A3CCD52AC9FF5E001166E9 /* LaunchScreen.storyboard in Resources */,
				A8A3CCD22AC9FF5E001166E9 /* Assets.xcassets in Resources */,
				A8A3CCD02AC9FF5B001166E9 /* Main.storyboard in Resources */,
			);
			runOnlyForDeploymentPostprocessing = 0;
		};
/* End PBXResourcesBuildPhase section */

/* Begin PBXSourcesBuildPhase section */
		A8A3CCC12AC9FF5B001166E9 /* Sources */ = {
			isa = PBXSourcesBuildPhase;
			buildActionMask = 2147483647;
			files = (
				A89BC40B2AD3495C001D706A /* SupplementaryView.swift in Sources */,
				A89BC4092AD348D2001D706A /* CollectonViewCell.swift in Sources */,
				A89BC3EA2AD2BDC2001D706A /* UIDate+Extensions.swift in Sources */,
				A8A3CCCD2AC9FF5B001166E9 /* ViewController.swift in Sources */,
				A8A3CCC92AC9FF5B001166E9 /* AppDelegate.swift in Sources */,
				A89BC4062AD3454A001D706A /* CreateTrackerViewController.swift in Sources */,
				A89BC3F72AD30A30001D706A /* Protocols.swift in Sources */,
				A89BC3F92AD30ADB001D706A /* WeekTableCell.swift in Sources */,
				A89BC3EF2AD2F832001D706A /* Models.swift in Sources */,
				A89BC3F12AD2FC22001D706A /* TabBarController.swift in Sources */,
				A8A3CCCB2AC9FF5B001166E9 /* SceneDelegate.swift in Sources */,
				A89BC4012AD33BB3001D706A /* TrackerViewController.swift in Sources */,
				A89BC3FF2AD339DA001D706A /* CategoryTableCell.swift in Sources */,
				A89BC40D2AD34BD4001D706A /* MockData.swift in Sources */,
				A89BC3E82AD2B881001D706A /* UIColor+Extensions.swift in Sources */,
				A89BC4042AD33E6C001D706A /* EventViewController.swift in Sources */,
				A89BC3FD2AD33773001D706A /* CategoryViewController.swift in Sources */,
				A89BC3F42AD30959001D706A /* SheduleViewController.swift in Sources */,
			);
			runOnlyForDeploymentPostprocessing = 0;
		};
/* End PBXSourcesBuildPhase section */

/* Begin PBXVariantGroup section */
		A8A3CCCE2AC9FF5B001166E9 /* Main.storyboard */ = {
			isa = PBXVariantGroup;
			children = (
				A8A3CCCF2AC9FF5B001166E9 /* Base */,
			);
			name = Main.storyboard;
			sourceTree = "<group>";
		};
		A8A3CCD32AC9FF5E001166E9 /* LaunchScreen.storyboard */ = {
			isa = PBXVariantGroup;
			children = (
				A8A3CCD42AC9FF5E001166E9 /* Base */,
			);
			name = LaunchScreen.storyboard;
			sourceTree = "<group>";
		};
/* End PBXVariantGroup section */

/* Begin XCBuildConfiguration section */
		A8A3CCD72AC9FF5E001166E9 /* Debug */ = {
			isa = XCBuildConfiguration;
			buildSettings = {
				ALWAYS_SEARCH_USER_PATHS = NO;
				CLANG_ANALYZER_NONNULL = YES;
				CLANG_ANALYZER_NUMBER_OBJECT_CONVERSION = YES_AGGRESSIVE;
				CLANG_CXX_LANGUAGE_STANDARD = "gnu++20";
				CLANG_ENABLE_MODULES = YES;
				CLANG_ENABLE_OBJC_ARC = YES;
				CLANG_ENABLE_OBJC_WEAK = YES;
				CLANG_WARN_BLOCK_CAPTURE_AUTORELEASING = YES;
				CLANG_WARN_BOOL_CONVERSION = YES;
				CLANG_WARN_COMMA = YES;
				CLANG_WARN_CONSTANT_CONVERSION = YES;
				CLANG_WARN_DEPRECATED_OBJC_IMPLEMENTATIONS = YES;
				CLANG_WARN_DIRECT_OBJC_ISA_USAGE = YES_ERROR;
				CLANG_WARN_DOCUMENTATION_COMMENTS = YES;
				CLANG_WARN_EMPTY_BODY = YES;
				CLANG_WARN_ENUM_CONVERSION = YES;
				CLANG_WARN_INFINITE_RECURSION = YES;
				CLANG_WARN_INT_CONVERSION = YES;
				CLANG_WARN_NON_LITERAL_NULL_CONVERSION = YES;
				CLANG_WARN_OBJC_IMPLICIT_RETAIN_SELF = YES;
				CLANG_WARN_OBJC_LITERAL_CONVERSION = YES;
				CLANG_WARN_OBJC_ROOT_CLASS = YES_ERROR;
				CLANG_WARN_QUOTED_INCLUDE_IN_FRAMEWORK_HEADER = YES;
				CLANG_WARN_RANGE_LOOP_ANALYSIS = YES;
				CLANG_WARN_STRICT_PROTOTYPES = YES;
				CLANG_WARN_SUSPICIOUS_MOVE = YES;
				CLANG_WARN_UNGUARDED_AVAILABILITY = YES_AGGRESSIVE;
				CLANG_WARN_UNREACHABLE_CODE = YES;
				CLANG_WARN__DUPLICATE_METHOD_MATCH = YES;
				COPY_PHASE_STRIP = NO;
				DEBUG_INFORMATION_FORMAT = dwarf;
				ENABLE_STRICT_OBJC_MSGSEND = YES;
				ENABLE_TESTABILITY = YES;
				GCC_C_LANGUAGE_STANDARD = gnu11;
				GCC_DYNAMIC_NO_PIC = NO;
				GCC_NO_COMMON_BLOCKS = YES;
				GCC_OPTIMIZATION_LEVEL = 0;
				GCC_PREPROCESSOR_DEFINITIONS = (
					"DEBUG=1",
					"$(inherited)",
				);
				GCC_WARN_64_TO_32_BIT_CONVERSION = YES;
				GCC_WARN_ABOUT_RETURN_TYPE = YES_ERROR;
				GCC_WARN_UNDECLARED_SELECTOR = YES;
				GCC_WARN_UNINITIALIZED_AUTOS = YES_AGGRESSIVE;
				GCC_WARN_UNUSED_FUNCTION = YES;
				GCC_WARN_UNUSED_VARIABLE = YES;
				IPHONEOS_DEPLOYMENT_TARGET = 13.4;
				MTL_ENABLE_DEBUG_INFO = INCLUDE_SOURCE;
				MTL_FAST_MATH = YES;
				ONLY_ACTIVE_ARCH = YES;
				SDKROOT = iphoneos;
				SWIFT_ACTIVE_COMPILATION_CONDITIONS = DEBUG;
				SWIFT_OPTIMIZATION_LEVEL = "-Onone";
			};
			name = Debug;
		};
		A8A3CCD82AC9FF5E001166E9 /* Release */ = {
			isa = XCBuildConfiguration;
			buildSettings = {
				ALWAYS_SEARCH_USER_PATHS = NO;
				CLANG_ANALYZER_NONNULL = YES;
				CLANG_ANALYZER_NUMBER_OBJECT_CONVERSION = YES_AGGRESSIVE;
				CLANG_CXX_LANGUAGE_STANDARD = "gnu++20";
				CLANG_ENABLE_MODULES = YES;
				CLANG_ENABLE_OBJC_ARC = YES;
				CLANG_ENABLE_OBJC_WEAK = YES;
				CLANG_WARN_BLOCK_CAPTURE_AUTORELEASING = YES;
				CLANG_WARN_BOOL_CONVERSION = YES;
				CLANG_WARN_COMMA = YES;
				CLANG_WARN_CONSTANT_CONVERSION = YES;
				CLANG_WARN_DEPRECATED_OBJC_IMPLEMENTATIONS = YES;
				CLANG_WARN_DIRECT_OBJC_ISA_USAGE = YES_ERROR;
				CLANG_WARN_DOCUMENTATION_COMMENTS = YES;
				CLANG_WARN_EMPTY_BODY = YES;
				CLANG_WARN_ENUM_CONVERSION = YES;
				CLANG_WARN_INFINITE_RECURSION = YES;
				CLANG_WARN_INT_CONVERSION = YES;
				CLANG_WARN_NON_LITERAL_NULL_CONVERSION = YES;
				CLANG_WARN_OBJC_IMPLICIT_RETAIN_SELF = YES;
				CLANG_WARN_OBJC_LITERAL_CONVERSION = YES;
				CLANG_WARN_OBJC_ROOT_CLASS = YES_ERROR;
				CLANG_WARN_QUOTED_INCLUDE_IN_FRAMEWORK_HEADER = YES;
				CLANG_WARN_RANGE_LOOP_ANALYSIS = YES;
				CLANG_WARN_STRICT_PROTOTYPES = YES;
				CLANG_WARN_SUSPICIOUS_MOVE = YES;
				CLANG_WARN_UNGUARDED_AVAILABILITY = YES_AGGRESSIVE;
				CLANG_WARN_UNREACHABLE_CODE = YES;
				CLANG_WARN__DUPLICATE_METHOD_MATCH = YES;
				COPY_PHASE_STRIP = NO;
				DEBUG_INFORMATION_FORMAT = "dwarf-with-dsym";
				ENABLE_NS_ASSERTIONS = NO;
				ENABLE_STRICT_OBJC_MSGSEND = YES;
				GCC_C_LANGUAGE_STANDARD = gnu11;
				GCC_NO_COMMON_BLOCKS = YES;
				GCC_WARN_64_TO_32_BIT_CONVERSION = YES;
				GCC_WARN_ABOUT_RETURN_TYPE = YES_ERROR;
				GCC_WARN_UNDECLARED_SELECTOR = YES;
				GCC_WARN_UNINITIALIZED_AUTOS = YES_AGGRESSIVE;
				GCC_WARN_UNUSED_FUNCTION = YES;
				GCC_WARN_UNUSED_VARIABLE = YES;
				IPHONEOS_DEPLOYMENT_TARGET = 13.4;
				MTL_ENABLE_DEBUG_INFO = NO;
				MTL_FAST_MATH = YES;
				SDKROOT = iphoneos;
				SWIFT_COMPILATION_MODE = wholemodule;
				SWIFT_OPTIMIZATION_LEVEL = "-O";
				VALIDATE_PRODUCT = YES;
			};
			name = Release;
		};
		A8A3CCDA2AC9FF5E001166E9 /* Debug */ = {
			isa = XCBuildConfiguration;
			buildSettings = {
				ASSETCATALOG_COMPILER_APPICON_NAME = AppIcon;
				ASSETCATALOG_COMPILER_GLOBAL_ACCENT_COLOR_NAME = AccentColor;
				CODE_SIGN_STYLE = Automatic;
				CURRENT_PROJECT_VERSION = 1;
				DEVELOPMENT_TEAM = 3JV5F4DZG5;
				GENERATE_INFOPLIST_FILE = YES;
				INFOPLIST_FILE = Tracker/Info.plist;
				INFOPLIST_KEY_UIApplicationSupportsIndirectInputEvents = YES;
				INFOPLIST_KEY_UILaunchStoryboardName = LaunchScreen;
				INFOPLIST_KEY_UIMainStoryboardFile = Main;
				INFOPLIST_KEY_UISupportedInterfaceOrientations = UIInterfaceOrientationPortrait;
				INFOPLIST_KEY_UISupportedInterfaceOrientations_iPad = "UIInterfaceOrientationLandscapeLeft UIInterfaceOrientationLandscapeRight UIInterfaceOrientationPortrait UIInterfaceOrientationPortraitUpsideDown";
				IPHONEOS_DEPLOYMENT_TARGET = 13.4;
				LD_RUNPATH_SEARCH_PATHS = (
					"$(inherited)",
					"@executable_path/Frameworks",
				);
				MARKETING_VERSION = 1.0;
				PRODUCT_BUNDLE_IDENTIFIER = ru.yandex.practicum.lexx2406.New.Tracker;
				PRODUCT_NAME = "$(TARGET_NAME)";
				SUPPORTED_PLATFORMS = "iphoneos iphonesimulator";
				SUPPORTS_MACCATALYST = NO;
				SUPPORTS_MAC_DESIGNED_FOR_IPHONE_IPAD = NO;
				SWIFT_EMIT_LOC_STRINGS = YES;
				SWIFT_VERSION = 5.0;
				TARGETED_DEVICE_FAMILY = 1;
			};
			name = Debug;
		};
		A8A3CCDB2AC9FF5E001166E9 /* Release */ = {
			isa = XCBuildConfiguration;
			buildSettings = {
				ASSETCATALOG_COMPILER_APPICON_NAME = AppIcon;
				ASSETCATALOG_COMPILER_GLOBAL_ACCENT_COLOR_NAME = AccentColor;
				CODE_SIGN_STYLE = Automatic;
				CURRENT_PROJECT_VERSION = 1;
				DEVELOPMENT_TEAM = 3JV5F4DZG5;
				GENERATE_INFOPLIST_FILE = YES;
				INFOPLIST_FILE = Tracker/Info.plist;
				INFOPLIST_KEY_UIApplicationSupportsIndirectInputEvents = YES;
				INFOPLIST_KEY_UILaunchStoryboardName = LaunchScreen;
				INFOPLIST_KEY_UIMainStoryboardFile = Main;
				INFOPLIST_KEY_UISupportedInterfaceOrientations = UIInterfaceOrientationPortrait;
				INFOPLIST_KEY_UISupportedInterfaceOrientations_iPad = "UIInterfaceOrientationLandscapeLeft UIInterfaceOrientationLandscapeRight UIInterfaceOrientationPortrait UIInterfaceOrientationPortraitUpsideDown";
				IPHONEOS_DEPLOYMENT_TARGET = 13.4;
				LD_RUNPATH_SEARCH_PATHS = (
					"$(inherited)",
					"@executable_path/Frameworks",
				);
				MARKETING_VERSION = 1.0;
				PRODUCT_BUNDLE_IDENTIFIER = ru.yandex.practicum.lexx2406.New.Tracker;
				PRODUCT_NAME = "$(TARGET_NAME)";
				SUPPORTED_PLATFORMS = "iphoneos iphonesimulator";
				SUPPORTS_MACCATALYST = NO;
				SUPPORTS_MAC_DESIGNED_FOR_IPHONE_IPAD = NO;
				SWIFT_EMIT_LOC_STRINGS = YES;
				SWIFT_VERSION = 5.0;
				TARGETED_DEVICE_FAMILY = 1;
			};
			name = Release;
		};
/* End XCBuildConfiguration section */

/* Begin XCConfigurationList section */
		A8A3CCC02AC9FF5B001166E9 /* Build configuration list for PBXProject "Tracker" */ = {
			isa = XCConfigurationList;
			buildConfigurations = (
				A8A3CCD72AC9FF5E001166E9 /* Debug */,
				A8A3CCD82AC9FF5E001166E9 /* Release */,
			);
			defaultConfigurationIsVisible = 0;
			defaultConfigurationName = Release;
		};
		A8A3CCD92AC9FF5E001166E9 /* Build configuration list for PBXNativeTarget "Tracker" */ = {
			isa = XCConfigurationList;
			buildConfigurations = (
				A8A3CCDA2AC9FF5E001166E9 /* Debug */,
				A8A3CCDB2AC9FF5E001166E9 /* Release */,
			);
			defaultConfigurationIsVisible = 0;
			defaultConfigurationName = Release;
		};
/* End XCConfigurationList section */
	};
	rootObject = A8A3CCBD2AC9FF5B001166E9 /* Project object */;
}
